
Microsoft Visual Studio Solution File, Format Version 12.00
# Visual Studio 2012
Project("{FAE04EC0-301F-11D3-BF4B-00C04F79EFBC}") = "CustomRegex", "CustomRegex\CustomRegex.csproj", "{4049F2A1-15CC-4E54-8974-A29C0882A9F4}"
EndProject
Project("{FAE04EC0-301F-11D3-BF4B-00C04F79EFBC}") = "CustomRegexTest", "CustomRegexTest\CustomRegexTest.csproj", "{24FFD7C0-3447-4622-8C27-37A8D2D718FB}"
EndProject
Global
	GlobalSection(SolutionConfigurationPlatforms) = preSolution
		Debug|Any CPU = Debug|Any CPU
		Release|Any CPU = Release|Any CPU
	EndGlobalSection
	GlobalSection(ProjectConfigurationPlatforms) = postSolution
		{4049F2A1-15CC-4E54-8974-A29C0882A9F4}.Debug|Any CPU.ActiveCfg = Debug|Any CPU
		{4049F2A1-15CC-4E54-8974-A29C0882A9F4}.Debug|Any CPU.Build.0 = Debug|Any CPU
		{4049F2A1-15CC-4E54-8974-A29C0882A9F4}.Release|Any CPU.ActiveCfg = Release|Any CPU
		{4049F2A1-15CC-4E54-8974-A29C0882A9F4}.Release|Any CPU.Build.0 = Release|Any CPU
		{24FFD7C0-3447-4622-8C27-37A8D2D718FB}.Debug|Any CPU.ActiveCfg = Debug|Any CPU
		{24FFD7C0-3447-4622-8C27-37A8D2D718FB}.Debug|Any CPU.Build.0 = Debug|Any CPU
		{24FFD7C0-3447-4622-8C27-37A8D2D718FB}.Release|Any CPU.ActiveCfg = Release|Any CPU
		{24FFD7C0-3447-4622-8C27-37A8D2D718FB}.Release|Any CPU.Build.0 = Release|Any CPU
	EndGlobalSection
	GlobalSection(SolutionProperties) = preSolution
		HideSolutionNode = FALSE
	EndGlobalSection
EndGlobal
